// !$*UTF8*$!
{
	archiveVersion = 1;
	classes = {
	};
	objectVersion = 52;
	objects = {

/* Begin PBXBuildFile section */
		1F273DB523B13859000EFF95 /* SceneDelegate.swift in Sources */ = {isa = PBXBuildFile; fileRef = 1F273DB423B13859000EFF95 /* SceneDelegate.swift */; };
		1F344CC124937493004304EB /* Launch Screen.storyboard in Resources */ = {isa = PBXBuildFile; fileRef = 1F344CC024937493004304EB /* Launch Screen.storyboard */; };
		1F344CC32493749C004304EB /* Main.storyboard in Resources */ = {isa = PBXBuildFile; fileRef = 1F344CC22493749C004304EB /* Main.storyboard */; };
		1F42E8AD23A8F70B00634842 /* background.png in Resources */ = {isa = PBXBuildFile; fileRef = 1F42E8AC23A8F70B00634842 /* background.png */; };
		1F42E8AF23A9000400634842 /* ball.png in Resources */ = {isa = PBXBuildFile; fileRef = 1F42E8AE23A9000300634842 /* ball.png */; };
		1F5FBCB123F079FA00A4F5F2 /* MusicPlayer.swift in Sources */ = {isa = PBXBuildFile; fileRef = 1F5FBCB023F079FA00A4F5F2 /* MusicPlayer.swift */; };
		1F5FBCB323F07DA000A4F5F2 /* soundName.mp3 in Resources */ = {isa = PBXBuildFile; fileRef = 1F5FBCB223F07DA000A4F5F2 /* soundName.mp3 */; };
		1F94335023CBD1BC0027ABB2 /* bird12.png in Resources */ = {isa = PBXBuildFile; fileRef = 1F94334323CBD1BA0027ABB2 /* bird12.png */; };
		1F94335123CBD1BC0027ABB2 /* bird11.png in Resources */ = {isa = PBXBuildFile; fileRef = 1F94334423CBD1BA0027ABB2 /* bird11.png */; };
		1F94335223CBD1BC0027ABB2 /* bird2.png in Resources */ = {isa = PBXBuildFile; fileRef = 1F94334523CBD1BA0027ABB2 /* bird2.png */; };
		1F94335323CBD1BC0027ABB2 /* bird1.png in Resources */ = {isa = PBXBuildFile; fileRef = 1F94334623CBD1BB0027ABB2 /* bird1.png */; };
		1F94335423CBD1BC0027ABB2 /* bird8.jpg in Resources */ = {isa = PBXBuildFile; fileRef = 1F94334723CBD1BB0027ABB2 /* bird8.jpg */; };
		1F94335523CBD1BC0027ABB2 /* bird7.png in Resources */ = {isa = PBXBuildFile; fileRef = 1F94334823CBD1BB0027ABB2 /* bird7.png */; };
		1F94335623CBD1BC0027ABB2 /* bird3.png in Resources */ = {isa = PBXBuildFile; fileRef = 1F94334923CBD1BB0027ABB2 /* bird3.png */; };
		1F94335723CBD1BC0027ABB2 /* bird10.png in Resources */ = {isa = PBXBuildFile; fileRef = 1F94334A23CBD1BB0027ABB2 /* bird10.png */; };
		1F94335823CBD1BC0027ABB2 /* bird13.png in Resources */ = {isa = PBXBuildFile; fileRef = 1F94334B23CBD1BB0027ABB2 /* bird13.png */; };
		1F94335923CBD1BC0027ABB2 /* bird4.png in Resources */ = {isa = PBXBuildFile; fileRef = 1F94334C23CBD1BB0027ABB2 /* bird4.png */; };
		1F94335A23CBD1BC0027ABB2 /* bird5.png in Resources */ = {isa = PBXBuildFile; fileRef = 1F94334D23CBD1BC0027ABB2 /* bird5.png */; };
		1F94335B23CBD1BC0027ABB2 /* bird6.png in Resources */ = {isa = PBXBuildFile; fileRef = 1F94334E23CBD1BC0027ABB2 /* bird6.png */; };
		1F94335C23CBD1BC0027ABB2 /* bird9.png in Resources */ = {isa = PBXBuildFile; fileRef = 1F94334F23CBD1BC0027ABB2 /* bird9.png */; };
		1FDA51AF23D3223F0051D02E /* replay.png in Resources */ = {isa = PBXBuildFile; fileRef = 1FDA51AE23D3223F0051D02E /* replay.png */; };
		1FEE61EC2395833F00B30AB2 /* SHOOTER.png in Resources */ = {isa = PBXBuildFile; fileRef = 1FEE61EB2395833F00B30AB2 /* SHOOTER.png */; };
		F6898B6B22D5EAED00577C20 /* AppDelegate.swift in Sources */ = {isa = PBXBuildFile; fileRef = F6898B6A22D5EAED00577C20 /* AppDelegate.swift */; };
		F6898B6D22D5EAED00577C20 /* ViewController.swift in Sources */ = {isa = PBXBuildFile; fileRef = F6898B6C22D5EAED00577C20 /* ViewController.swift */; };
		F6898B7222D5EAF000577C20 /* Assets.xcassets in Resources */ = {isa = PBXBuildFile; fileRef = F6898B7122D5EAF000577C20 /* Assets.xcassets */; };
		F6898B9F22D8846800577C20 /* DragImageView.swift in Sources */ = {isa = PBXBuildFile; fileRef = F6898B9E22D8846800577C20 /* DragImageView.swift */; };
/* End PBXBuildFile section */

/* Begin PBXContainerItemProxy section */
		F6898B7C22D5EAF000577C20 /* PBXContainerItemProxy */ = {
			isa = PBXContainerItemProxy;
			containerPortal = F6898B5F22D5EAED00577C20 /* Project object */;
			proxyType = 1;
			remoteGlobalIDString = F6898B6622D5EAED00577C20;
			remoteInfo = Cherry_HelloWorld;
		};
		F6898B8722D5EAF000577C20 /* PBXContainerItemProxy */ = {
			isa = PBXContainerItemProxy;
			containerPortal = F6898B5F22D5EAED00577C20 /* Project object */;
			proxyType = 1;
			remoteGlobalIDString = F6898B6622D5EAED00577C20;
			remoteInfo = Cherry_HelloWorld;
		};
/* End PBXContainerItemProxy section */

/* Begin PBXFileReference section */
		1F273DB423B13859000EFF95 /* SceneDelegate.swift */ = {isa = PBXFileReference; fileEncoding = 4; lastKnownFileType = sourcecode.swift; path = SceneDelegate.swift; sourceTree = "<group>"; };
		1F344CC024937493004304EB /* Launch Screen.storyboard */ = {isa = PBXFileReference; fileEncoding = 4; lastKnownFileType = file.storyboard; path = "Launch Screen.storyboard"; sourceTree = "<group>"; };
		1F344CC22493749C004304EB /* Main.storyboard */ = {isa = PBXFileReference; fileEncoding = 4; lastKnownFileType = file.storyboard; path = Main.storyboard; sourceTree = "<group>"; };
		1F42E8AC23A8F70B00634842 /* background.png */ = {isa = PBXFileReference; lastKnownFileType = image.png; path = background.png; sourceTree = SOURCE_ROOT; };
		1F42E8AE23A9000300634842 /* ball.png */ = {isa = PBXFileReference; lastKnownFileType = image.png; path = ball.png; sourceTree = SOURCE_ROOT; };
		1F5FBCB023F079FA00A4F5F2 /* MusicPlayer.swift */ = {isa = PBXFileReference; lastKnownFileType = sourcecode.swift; path = MusicPlayer.swift; sourceTree = SOURCE_ROOT; };
		1F5FBCB223F07DA000A4F5F2 /* soundName.mp3 */ = {isa = PBXFileReference; lastKnownFileType = audio.mp3; path = soundName.mp3; sourceTree = "<group>"; };
		1F94334323CBD1BA0027ABB2 /* bird12.png */ = {isa = PBXFileReference; lastKnownFileType = image.png; path = bird12.png; sourceTree = SOURCE_ROOT; };
		1F94334423CBD1BA0027ABB2 /* bird11.png */ = {isa = PBXFileReference; lastKnownFileType = image.png; path = bird11.png; sourceTree = SOURCE_ROOT; };
		1F94334523CBD1BA0027ABB2 /* bird2.png */ = {isa = PBXFileReference; lastKnownFileType = image.png; path = bird2.png; sourceTree = SOURCE_ROOT; };
		1F94334623CBD1BB0027ABB2 /* bird1.png */ = {isa = PBXFileReference; lastKnownFileType = image.png; path = bird1.png; sourceTree = SOURCE_ROOT; };
		1F94334723CBD1BB0027ABB2 /* bird8.jpg */ = {isa = PBXFileReference; lastKnownFileType = image.jpeg; path = bird8.jpg; sourceTree = SOURCE_ROOT; };
		1F94334823CBD1BB0027ABB2 /* bird7.png */ = {isa = PBXFileReference; lastKnownFileType = image.png; path = bird7.png; sourceTree = SOURCE_ROOT; };
		1F94334923CBD1BB0027ABB2 /* bird3.png */ = {isa = PBXFileReference; lastKnownFileType = image.png; path = bird3.png; sourceTree = SOURCE_ROOT; };
		1F94334A23CBD1BB0027ABB2 /* bird10.png */ = {isa = PBXFileReference; lastKnownFileType = image.png; path = bird10.png; sourceTree = SOURCE_ROOT; };
		1F94334B23CBD1BB0027ABB2 /* bird13.png */ = {isa = PBXFileReference; lastKnownFileType = image.png; path = bird13.png; sourceTree = SOURCE_ROOT; };
		1F94334C23CBD1BB0027ABB2 /* bird4.png */ = {isa = PBXFileReference; lastKnownFileType = image.png; path = bird4.png; sourceTree = SOURCE_ROOT; };
		1F94334D23CBD1BC0027ABB2 /* bird5.png */ = {isa = PBXFileReference; lastKnownFileType = image.png; path = bird5.png; sourceTree = SOURCE_ROOT; };
		1F94334E23CBD1BC0027ABB2 /* bird6.png */ = {isa = PBXFileReference; lastKnownFileType = image.png; path = bird6.png; sourceTree = SOURCE_ROOT; };
		1F94334F23CBD1BC0027ABB2 /* bird9.png */ = {isa = PBXFileReference; lastKnownFileType = image.png; path = bird9.png; sourceTree = SOURCE_ROOT; };
		1FDA51AE23D3223F0051D02E /* replay.png */ = {isa = PBXFileReference; lastKnownFileType = image.png; path = replay.png; sourceTree = SOURCE_ROOT; };
		1FEE61EB2395833F00B30AB2 /* SHOOTER.png */ = {isa = PBXFileReference; lastKnownFileType = image.png; path = SHOOTER.png; sourceTree = SOURCE_ROOT; };
		F6898B6722D5EAED00577C20 /* Martogame.app */ = {isa = PBXFileReference; explicitFileType = wrapper.application; includeInIndex = 0; path = Martogame.app; sourceTree = BUILT_PRODUCTS_DIR; };
		F6898B6A22D5EAED00577C20 /* AppDelegate.swift */ = {isa = PBXFileReference; lastKnownFileType = sourcecode.swift; path = AppDelegate.swift; sourceTree = "<group>"; };
		F6898B6C22D5EAED00577C20 /* ViewController.swift */ = {isa = PBXFileReference; lastKnownFileType = sourcecode.swift; path = ViewController.swift; sourceTree = "<group>"; };
		F6898B7122D5EAF000577C20 /* Assets.xcassets */ = {isa = PBXFileReference; lastKnownFileType = folder.assetcatalog; path = Assets.xcassets; sourceTree = "<group>"; };
		F6898B7622D5EAF000577C20 /* Info.plist */ = {isa = PBXFileReference; lastKnownFileType = text.plist.xml; path = Info.plist; sourceTree = "<group>"; };
		F6898B7B22D5EAF000577C20 /* MartogameTests.xctest */ = {isa = PBXFileReference; explicitFileType = wrapper.cfbundle; includeInIndex = 0; path = MartogameTests.xctest; sourceTree = BUILT_PRODUCTS_DIR; };
		F6898B8622D5EAF000577C20 /* MartogameUITests.xctest */ = {isa = PBXFileReference; explicitFileType = wrapper.cfbundle; includeInIndex = 0; path = MartogameUITests.xctest; sourceTree = BUILT_PRODUCTS_DIR; };
		F6898B9E22D8846800577C20 /* DragImageView.swift */ = {isa = PBXFileReference; lastKnownFileType = sourcecode.swift; path = DragImageView.swift; sourceTree = "<group>"; };
/* End PBXFileReference section */

/* Begin PBXFrameworksBuildPhase section */
		F6898B6422D5EAED00577C20 /* Frameworks */ = {
			isa = PBXFrameworksBuildPhase;
			buildActionMask = 2147483647;
			files = (
			);
			runOnlyForDeploymentPostprocessing = 0;
		};
		F6898B7822D5EAF000577C20 /* Frameworks */ = {
			isa = PBXFrameworksBuildPhase;
			buildActionMask = 2147483647;
			files = (
			);
			runOnlyForDeploymentPostprocessing = 0;
		};
		F6898B8322D5EAF000577C20 /* Frameworks */ = {
			isa = PBXFrameworksBuildPhase;
			buildActionMask = 2147483647;
			files = (
			);
			runOnlyForDeploymentPostprocessing = 0;
		};
/* End PBXFrameworksBuildPhase section */

/* Begin PBXGroup section */
		F6898B5E22D5EAED00577C20 = {
			isa = PBXGroup;
			children = (
				F6898B6922D5EAED00577C20 /* Martogame */,
				F6898B6822D5EAED00577C20 /* Products */,
			);
			sourceTree = "<group>";
		};
		F6898B6822D5EAED00577C20 /* Products */ = {
			isa = PBXGroup;
			children = (
				F6898B6722D5EAED00577C20 /* Martogame.app */,
				F6898B7B22D5EAF000577C20 /* MartogameTests.xctest */,
				F6898B8622D5EAF000577C20 /* MartogameUITests.xctest */,
			);
			name = Products;
			sourceTree = "<group>";
		};
		F6898B6922D5EAED00577C20 /* Martogame */ = {
			isa = PBXGroup;
			children = (
				F6898B6A22D5EAED00577C20 /* AppDelegate.swift */,
				1F94334623CBD1BB0027ABB2 /* bird1.png */,
				1F94334523CBD1BA0027ABB2 /* bird2.png */,
				1F94334923CBD1BB0027ABB2 /* bird3.png */,
				1F94334C23CBD1BB0027ABB2 /* bird4.png */,
				1F94334D23CBD1BC0027ABB2 /* bird5.png */,
				1F94334E23CBD1BC0027ABB2 /* bird6.png */,
				1F344CC024937493004304EB /* Launch Screen.storyboard */,
				1F344CC22493749C004304EB /* Main.storyboard */,
				1F94334823CBD1BB0027ABB2 /* bird7.png */,
				1F94334723CBD1BB0027ABB2 /* bird8.jpg */,
				1F94334F23CBD1BC0027ABB2 /* bird9.png */,
				1F94334A23CBD1BB0027ABB2 /* bird10.png */,
				1F94334423CBD1BA0027ABB2 /* bird11.png */,
				1F94334323CBD1BA0027ABB2 /* bird12.png */,
				1F94334B23CBD1BB0027ABB2 /* bird13.png */,
				1F273DB423B13859000EFF95 /* SceneDelegate.swift */,
				F6898B6C22D5EAED00577C20 /* ViewController.swift */,
				1F5FBCB223F07DA000A4F5F2 /* soundName.mp3 */,
				1F5FBCB023F079FA00A4F5F2 /* MusicPlayer.swift */,
				F6898B9E22D8846800577C20 /* DragImageView.swift */,
				1F42E8AE23A9000300634842 /* ball.png */,
				1F42E8AC23A8F70B00634842 /* background.png */,
				1FDA51AE23D3223F0051D02E /* replay.png */,
				F6898B7122D5EAF000577C20 /* Assets.xcassets */,
				1FEE61EB2395833F00B30AB2 /* SHOOTER.png */,
				F6898B7622D5EAF000577C20 /* Info.plist */,
			);
			path = Martogame;
			sourceTree = "<group>";
		};
/* End PBXGroup section */

/* Begin PBXNativeTarget section */
		F6898B6622D5EAED00577C20 /* Martogame */ = {
			isa = PBXNativeTarget;
			buildConfigurationList = F6898B8F22D5EAF000577C20 /* Build configuration list for PBXNativeTarget "Martogame" */;
			buildPhases = (
				F6898B6322D5EAED00577C20 /* Sources */,
				F6898B6422D5EAED00577C20 /* Frameworks */,
				F6898B6522D5EAED00577C20 /* Resources */,
			);
			buildRules = (
			);
			dependencies = (
			);
			name = Martogame;
			productName = Cherry_HelloWorld;
			productReference = F6898B6722D5EAED00577C20 /* Martogame.app */;
			productType = "com.apple.product-type.application";
		};
		F6898B7A22D5EAF000577C20 /* MartogameTests */ = {
			isa = PBXNativeTarget;
			buildConfigurationList = F6898B9222D5EAF000577C20 /* Build configuration list for PBXNativeTarget "MartogameTests" */;
			buildPhases = (
				F6898B7722D5EAF000577C20 /* Sources */,
				F6898B7822D5EAF000577C20 /* Frameworks */,
				F6898B7922D5EAF000577C20 /* Resources */,
			);
			buildRules = (
			);
			dependencies = (
				F6898B7D22D5EAF000577C20 /* PBXTargetDependency */,
			);
			name = MartogameTests;
			productName = Cherry_HelloWorldTests;
			productReference = F6898B7B22D5EAF000577C20 /* MartogameTests.xctest */;
			productType = "com.apple.product-type.bundle.unit-test";
		};
		F6898B8522D5EAF000577C20 /* MartogameUITests */ = {
			isa = PBXNativeTarget;
			buildConfigurationList = F6898B9522D5EAF000577C20 /* Build configuration list for PBXNativeTarget "MartogameUITests" */;
			buildPhases = (
				F6898B8222D5EAF000577C20 /* Sources */,
				F6898B8322D5EAF000577C20 /* Frameworks */,
				F6898B8422D5EAF000577C20 /* Resources */,
			);
			buildRules = (
			);
			dependencies = (
				F6898B8822D5EAF000577C20 /* PBXTargetDependency */,
			);
			name = MartogameUITests;
			productName = Cherry_HelloWorldUITests;
			productReference = F6898B8622D5EAF000577C20 /* MartogameUITests.xctest */;
			productType = "com.apple.product-type.bundle.ui-testing";
		};
/* End PBXNativeTarget section */

/* Begin PBXProject section */
		F6898B5F22D5EAED00577C20 /* Project object */ = {
			isa = PBXProject;
			attributes = {
				LastSwiftUpdateCheck = 1020;
				LastUpgradeCheck = 1020;
				ORGANIZATIONNAME = Martogame;
				TargetAttributes = {
					F6898B6622D5EAED00577C20 = {
						CreatedOnToolsVersion = 10.2.1;
					};
					F6898B7A22D5EAF000577C20 = {
						CreatedOnToolsVersion = 10.2.1;
						TestTargetID = F6898B6622D5EAED00577C20;
					};
					F6898B8522D5EAF000577C20 = {
						CreatedOnToolsVersion = 10.2.1;
						TestTargetID = F6898B6622D5EAED00577C20;
					};
				};
			};
			buildConfigurationList = F6898B6222D5EAED00577C20 /* Build configuration list for PBXProject "Martogame" */;
			compatibilityVersion = "Xcode 11.0";
			developmentRegion = en;
			hasScannedForEncodings = 0;
			knownRegions = (
				en,
				Base,
			);
			mainGroup = F6898B5E22D5EAED00577C20;
			productRefGroup = F6898B6822D5EAED00577C20 /* Products */;
			projectDirPath = "";
			projectRoot = "";
			targets = (
				F6898B6622D5EAED00577C20 /* Martogame */,
				F6898B7A22D5EAF000577C20 /* MartogameTests */,
				F6898B8522D5EAF000577C20 /* MartogameUITests */,
			);
		};
/* End PBXProject section */

/* Begin PBXResourcesBuildPhase section */
		F6898B6522D5EAED00577C20 /* Resources */ = {
			isa = PBXResourcesBuildPhase;
			buildActionMask = 2147483647;
			files = (
				1F344CC32493749C004304EB /* Main.storyboard in Resources */,
				1F94335523CBD1BC0027ABB2 /* bird7.png in Resources */,
				1F94335423CBD1BC0027ABB2 /* bird8.jpg in Resources */,
				1F94335323CBD1BC0027ABB2 /* bird1.png in Resources */,
				1F42E8AD23A8F70B00634842 /* background.png in Resources */,
				1F42E8AF23A9000400634842 /* ball.png in Resources */,
				1F94335023CBD1BC0027ABB2 /* bird12.png in Resources */,
				1F94335C23CBD1BC0027ABB2 /* bird9.png in Resources */,
				1F94335223CBD1BC0027ABB2 /* bird2.png in Resources */,
				F6898B7222D5EAF000577C20 /* Assets.xcassets in Resources */,
				1F94335923CBD1BC0027ABB2 /* bird4.png in Resources */,
				1F94335623CBD1BC0027ABB2 /* bird3.png in Resources */,
				1F94335A23CBD1BC0027ABB2 /* bird5.png in Resources */,
				1FEE61EC2395833F00B30AB2 /* SHOOTER.png in Resources */,
				1FDA51AF23D3223F0051D02E /* replay.png in Resources */,
				1F94335B23CBD1BC0027ABB2 /* bird6.png in Resources */,
				1F94335123CBD1BC0027ABB2 /* bird11.png in Resources */,
				1F5FBCB323F07DA000A4F5F2 /* soundName.mp3 in Resources */,
				1F94335823CBD1BC0027ABB2 /* bird13.png in Resources */,
				1F344CC124937493004304EB /* Launch Screen.storyboard in Resources */,
				1F94335723CBD1BC0027ABB2 /* bird10.png in Resources */,
			);
			runOnlyForDeploymentPostprocessing = 0;
		};
		F6898B7922D5EAF000577C20 /* Resources */ = {
			isa = PBXResourcesBuildPhase;
			buildActionMask = 2147483647;
			files = (
			);
			runOnlyForDeploymentPostprocessing = 0;
		};
		F6898B8422D5EAF000577C20 /* Resources */ = {
			isa = PBXResourcesBuildPhase;
			buildActionMask = 2147483647;
			files = (
			);
			runOnlyForDeploymentPostprocessing = 0;
		};
/* End PBXResourcesBuildPhase section */

/* Begin PBXSourcesBuildPhase section */
		F6898B6322D5EAED00577C20 /* Sources */ = {
			isa = PBXSourcesBuildPhase;
			buildActionMask = 2147483647;
			files = (
				F6898B6D22D5EAED00577C20 /* ViewController.swift in Sources */,
				F6898B9F22D8846800577C20 /* DragImageView.swift in Sources */,
				F6898B6B22D5EAED00577C20 /* AppDelegate.swift in Sources */,
				1F5FBCB123F079FA00A4F5F2 /* MusicPlayer.swift in Sources */,
				1F273DB523B13859000EFF95 /* SceneDelegate.swift in Sources */,
			);
			runOnlyForDeploymentPostprocessing = 0;
		};
		F6898B7722D5EAF000577C20 /* Sources */ = {
			isa = PBXSourcesBuildPhase;
			buildActionMask = 2147483647;
			files = (
			);
			runOnlyForDeploymentPostprocessing = 0;
		};
		F6898B8222D5EAF000577C20 /* Sources */ = {
			isa = PBXSourcesBuildPhase;
			buildActionMask = 2147483647;
			files = (
			);
			runOnlyForDeploymentPostprocessing = 0;
		};
/* End PBXSourcesBuildPhase section */

/* Begin PBXTargetDependency section */
		F6898B7D22D5EAF000577C20 /* PBXTargetDependency */ = {
			isa = PBXTargetDependency;
			target = F6898B6622D5EAED00577C20 /* Martogame */;
			targetProxy = F6898B7C22D5EAF000577C20 /* PBXContainerItemProxy */;
		};
		F6898B8822D5EAF000577C20 /* PBXTargetDependency */ = {
			isa = PBXTargetDependency;
			target = F6898B6622D5EAED00577C20 /* Martogame */;
			targetProxy = F6898B8722D5EAF000577C20 /* PBXContainerItemProxy */;
		};
/* End PBXTargetDependency section */

/* Begin XCBuildConfiguration section */
		F6898B8D22D5EAF000577C20 /* Debug */ = {
			isa = XCBuildConfiguration;
			buildSettings = {
				ALWAYS_SEARCH_USER_PATHS = NO;
				CLANG_ANALYZER_NONNULL = YES;
				CLANG_ANALYZER_NUMBER_OBJECT_CONVERSION = YES_AGGRESSIVE;
				CLANG_CXX_LANGUAGE_STANDARD = "gnu++14";
				CLANG_CXX_LIBRARY = "libc++";
				CLANG_ENABLE_MODULES = YES;
				CLANG_ENABLE_OBJC_ARC = YES;
				CLANG_ENABLE_OBJC_WEAK = YES;
				CLANG_WARN_BLOCK_CAPTURE_AUTORELEASING = YES;
				CLANG_WARN_BOOL_CONVERSION = YES;
				CLANG_WARN_COMMA = YES;
				CLANG_WARN_CONSTANT_CONVERSION = YES;
				CLANG_WARN_DEPRECATED_OBJC_IMPLEMENTATIONS = YES;
				CLANG_WARN_DIRECT_OBJC_ISA_USAGE = YES_ERROR;
				CLANG_WARN_DOCUMENTATION_COMMENTS = YES;
				CLANG_WARN_EMPTY_BODY = YES;
				CLANG_WARN_ENUM_CONVERSION = YES;
				CLANG_WARN_INFINITE_RECURSION = YES;
				CLANG_WARN_INT_CONVERSION = YES;
				CLANG_WARN_NON_LITERAL_NULL_CONVERSION = YES;
				CLANG_WARN_OBJC_IMPLICIT_RETAIN_SELF = YES;
				CLANG_WARN_OBJC_LITERAL_CONVERSION = YES;
				CLANG_WARN_OBJC_ROOT_CLASS = YES_ERROR;
				CLANG_WARN_RANGE_LOOP_ANALYSIS = YES;
				CLANG_WARN_STRICT_PROTOTYPES = YES;
				CLANG_WARN_SUSPICIOUS_MOVE = YES;
				CLANG_WARN_UNGUARDED_AVAILABILITY = YES_AGGRESSIVE;
				CLANG_WARN_UNREACHABLE_CODE = YES;
				CLANG_WARN__DUPLICATE_METHOD_MATCH = YES;
				CODE_SIGN_IDENTITY = "iPhone Developer";
				COPY_PHASE_STRIP = NO;
				DEBUG_INFORMATION_FORMAT = dwarf;
				ENABLE_STRICT_OBJC_MSGSEND = YES;
				ENABLE_TESTABILITY = YES;
				GCC_C_LANGUAGE_STANDARD = gnu11;
				GCC_DYNAMIC_NO_PIC = NO;
				GCC_NO_COMMON_BLOCKS = YES;
				GCC_OPTIMIZATION_LEVEL = 0;
				GCC_PREPROCESSOR_DEFINITIONS = (
					"DEBUG=1",
					"$(inherited)",
				);
				GCC_WARN_64_TO_32_BIT_CONVERSION = YES;
				GCC_WARN_ABOUT_RETURN_TYPE = YES_ERROR;
				GCC_WARN_UNDECLARED_SELECTOR = YES;
				GCC_WARN_UNINITIALIZED_AUTOS = YES_AGGRESSIVE;
				GCC_WARN_UNUSED_FUNCTION = YES;
				GCC_WARN_UNUSED_VARIABLE = YES;
				IPHONEOS_DEPLOYMENT_TARGET = 12.2;
				MTL_ENABLE_DEBUG_INFO = INCLUDE_SOURCE;
				MTL_FAST_MATH = YES;
				ONLY_ACTIVE_ARCH = YES;
				SDKROOT = iphoneos;
				SWIFT_ACTIVE_COMPILATION_CONDITIONS = DEBUG;
				SWIFT_OPTIMIZATION_LEVEL = "-Onone";
			};
			name = Debug;
		};
		F6898B8E22D5EAF000577C20 /* Release */ = {
			isa = XCBuildConfiguration;
			buildSettings = {
				ALWAYS_SEARCH_USER_PATHS = NO;
				CLANG_ANALYZER_NONNULL = YES;
				CLANG_ANALYZER_NUMBER_OBJECT_CONVERSION = YES_AGGRESSIVE;
				CLANG_CXX_LANGUAGE_STANDARD = "gnu++14";
				CLANG_CXX_LIBRARY = "libc++";
				CLANG_ENABLE_MODULES = YES;
				CLANG_ENABLE_OBJC_ARC = YES;
				CLANG_ENABLE_OBJC_WEAK = YES;
				CLANG_WARN_BLOCK_CAPTURE_AUTORELEASING = YES;
				CLANG_WARN_BOOL_CONVERSION = YES;
				CLANG_WARN_COMMA = YES;
				CLANG_WARN_CONSTANT_CONVERSION = YES;
				CLANG_WARN_DEPRECATED_OBJC_IMPLEMENTATIONS = YES;
				CLANG_WARN_DIRECT_OBJC_ISA_USAGE = YES_ERROR;
				CLANG_WARN_DOCUMENTATION_COMMENTS = YES;
				CLANG_WARN_EMPTY_BODY = YES;
				CLANG_WARN_ENUM_CONVERSION = YES;
				CLANG_WARN_INFINITE_RECURSION = YES;
				CLANG_WARN_INT_CONVERSION = YES;
				CLANG_WARN_NON_LITERAL_NULL_CONVERSION = YES;
				CLANG_WARN_OBJC_IMPLICIT_RETAIN_SELF = YES;
				CLANG_WARN_OBJC_LITERAL_CONVERSION = YES;
				CLANG_WARN_OBJC_ROOT_CLASS = YES_ERROR;
				CLANG_WARN_RANGE_LOOP_ANALYSIS = YES;
				CLANG_WARN_STRICT_PROTOTYPES = YES;
				CLANG_WARN_SUSPICIOUS_MOVE = YES;
				CLANG_WARN_UNGUARDED_AVAILABILITY = YES_AGGRESSIVE;
				CLANG_WARN_UNREACHABLE_CODE = YES;
				CLANG_WARN__DUPLICATE_METHOD_MATCH = YES;
				CODE_SIGN_IDENTITY = "iPhone Developer";
				COPY_PHASE_STRIP = NO;
				DEBUG_INFORMATION_FORMAT = "dwarf-with-dsym";
				ENABLE_NS_ASSERTIONS = NO;
				ENABLE_STRICT_OBJC_MSGSEND = YES;
				GCC_C_LANGUAGE_STANDARD = gnu11;
				GCC_NO_COMMON_BLOCKS = YES;
				GCC_WARN_64_TO_32_BIT_CONVERSION = YES;
				GCC_WARN_ABOUT_RETURN_TYPE = YES_ERROR;
				GCC_WARN_UNDECLARED_SELECTOR = YES;
				GCC_WARN_UNINITIALIZED_AUTOS = YES_AGGRESSIVE;
				GCC_WARN_UNUSED_FUNCTION = YES;
				GCC_WARN_UNUSED_VARIABLE = YES;
				IPHONEOS_DEPLOYMENT_TARGET = 12.2;
				MTL_ENABLE_DEBUG_INFO = NO;
				MTL_FAST_MATH = YES;
				SDKROOT = iphoneos;
				SWIFT_COMPILATION_MODE = wholemodule;
				SWIFT_OPTIMIZATION_LEVEL = "-O";
				VALIDATE_PRODUCT = YES;
			};
			name = Release;
		};
		F6898B9022D5EAF000577C20 /* Debug */ = {
			isa = XCBuildConfiguration;
			buildSettings = {
				ASSETCATALOG_COMPILER_APPICON_NAME = AppIcon;
				CODE_SIGN_STYLE = Automatic;
				DEVELOPMENT_TEAM = R65C3TZ7DZ;
				INFOPLIST_FILE = Martogame/Info.plist;
				IPHONEOS_DEPLOYMENT_TARGET = 13.2;
				LD_RUNPATH_SEARCH_PATHS = (
					"$(inherited)",
					"@executable_path/Frameworks",
				);
				PRODUCT_BUNDLE_IDENTIFIER = Martogame;
				PRODUCT_NAME = Martogame;
				SWIFT_VERSION = 5.0;
				TARGETED_DEVICE_FAMILY = "1,2";
			};
			name = Debug;
		};
		F6898B9122D5EAF000577C20 /* Release */ = {
			isa = XCBuildConfiguration;
			buildSettings = {
				ASSETCATALOG_COMPILER_APPICON_NAME = AppIcon;
				CODE_SIGN_STYLE = Automatic;
				DEVELOPMENT_TEAM = R65C3TZ7DZ;
				INFOPLIST_FILE = Martogame/Info.plist;
				IPHONEOS_DEPLOYMENT_TARGET = 13.2;
				LD_RUNPATH_SEARCH_PATHS = (
					"$(inherited)",
					"@executable_path/Frameworks",
				);
				PRODUCT_BUNDLE_IDENTIFIER = Martogame;
				PRODUCT_NAME = Martogame;
				SWIFT_VERSION = 5.0;
				TARGETED_DEVICE_FAMILY = "1,2";
			};
			name = Release;
		};
		F6898B9322D5EAF000577C20 /* Debug */ = {
			isa = XCBuildConfiguration;
			buildSettings = {
				ALWAYS_EMBED_SWIFT_STANDARD_LIBRARIES = YES;
				BUNDLE_LOADER = "$(TEST_HOST)";
				CODE_SIGN_STYLE = Automatic;
				DEVELOPMENT_TEAM = R65C3TZ7DZ;
				INFOPLIST_FILE = Martogame_HelloWorldTests/Info.plist;
				LD_RUNPATH_SEARCH_PATHS = (
					"$(inherited)",
					"@executable_path/Frameworks",
					"@loader_path/Frameworks",
				);
				PRODUCT_BUNDLE_IDENTIFIER = "MyStudio.Martogame-HelloWorldTests";
				PRODUCT_NAME = "$(TARGET_NAME)";
				SWIFT_VERSION = 5.0;
				TARGETED_DEVICE_FAMILY = "1,2";
				TEST_HOST = "$(BUILT_PRODUCTS_DIR)/Martogame.app/Martogame";
			};
			name = Debug;
		};
		F6898B9422D5EAF000577C20 /* Release */ = {
			isa = XCBuildConfiguration;
			buildSettings = {
				ALWAYS_EMBED_SWIFT_STANDARD_LIBRARIES = YES;
				BUNDLE_LOADER = "$(TEST_HOST)";
				CODE_SIGN_STYLE = Automatic;
				DEVELOPMENT_TEAM = R65C3TZ7DZ;
				INFOPLIST_FILE = Martogame_HelloWorldTests/Info.plist;
				LD_RUNPATH_SEARCH_PATHS = (
					"$(inherited)",
					"@executable_path/Frameworks",
					"@loader_path/Frameworks",
				);
				PRODUCT_BUNDLE_IDENTIFIER = "MyStudio.Martogame-HelloWorldTests";
				PRODUCT_NAME = "$(TARGET_NAME)";
				SWIFT_VERSION = 5.0;
				TARGETED_DEVICE_FAMILY = "1,2";
				TEST_HOST = "$(BUILT_PRODUCTS_DIR)/Martogame.app/Martogame";
			};
			name = Release;
		};
		F6898B9622D5EAF000577C20 /* Debug */ = {
			isa = XCBuildConfiguration;
			buildSettings = {
				ALWAYS_EMBED_SWIFT_STANDARD_LIBRARIES = YES;
				CODE_SIGN_STYLE = Automatic;
				DEVELOPMENT_TEAM = R65C3TZ7DZ;
				INFOPLIST_FILE = Martogame_HelloWorldUITests/Info.plist;
				LD_RUNPATH_SEARCH_PATHS = (
					"$(inherited)",
					"@executable_path/Frameworks",
					"@loader_path/Frameworks",
				);
				PRODUCT_BUNDLE_IDENTIFIER = "MyStudio.Martogame-HelloWorldUITests";
				PRODUCT_NAME = "$(TARGET_NAME)";
				SWIFT_VERSION = 5.0;
				TARGETED_DEVICE_FAMILY = "1,2";
				TEST_TARGET_NAME = Martogame_HelloWorld;
			};
			name = Debug;
		};
		F6898B9722D5EAF000577C20 /* Release */ = {
			isa = XCBuildConfiguration;
			buildSettings = {
				ALWAYS_EMBED_SWIFT_STANDARD_LIBRARIES = YES;
				CODE_SIGN_STYLE = Automatic;
				DEVELOPMENT_TEAM = R65C3TZ7DZ;
				INFOPLIST_FILE = Martogame_HelloWorldUITests/Info.plist;
				LD_RUNPATH_SEARCH_PATHS = (
					"$(inherited)",
					"@executable_path/Frameworks",
					"@loader_path/Frameworks",
				);
				PRODUCT_BUNDLE_IDENTIFIER = "MyStudio.Martogame-HelloWorldUITests";
				PRODUCT_NAME = "$(TARGET_NAME)";
				SWIFT_VERSION = 5.0;
				TARGETED_DEVICE_FAMILY = "1,2";
				TEST_TARGET_NAME = Martogame_HelloWorld;
			};
			name = Release;
		};
/* End XCBuildConfiguration section */

/* Begin XCConfigurationList section */
		F6898B6222D5EAED00577C20 /* Build configuration list for PBXProject "Martogame" */ = {
			isa = XCConfigurationList;
			buildConfigurations = (
				F6898B8D22D5EAF000577C20 /* Debug */,
				F6898B8E22D5EAF000577C20 /* Release */,
			);
			defaultConfigurationIsVisible = 0;
			defaultConfigurationName = Release;
		};
		F6898B8F22D5EAF000577C20 /* Build configuration list for PBXNativeTarget "Martogame" */ = {
			isa = XCConfigurationList;
			buildConfigurations = (
				F6898B9022D5EAF000577C20 /* Debug */,
				F6898B9122D5EAF000577C20 /* Release */,
			);
			defaultConfigurationIsVisible = 0;
			defaultConfigurationName = Release;
		};
		F6898B9222D5EAF000577C20 /* Build configuration list for PBXNativeTarget "MartogameTests" */ = {
			isa = XCConfigurationList;
			buildConfigurations = (
				F6898B9322D5EAF000577C20 /* Debug */,
				F6898B9422D5EAF000577C20 /* Release */,
			);
			defaultConfigurationIsVisible = 0;
			defaultConfigurationName = Release;
		};
		F6898B9522D5EAF000577C20 /* Build configuration list for PBXNativeTarget "MartogameUITests" */ = {
			isa = XCConfigurationList;
			buildConfigurations = (
				F6898B9622D5EAF000577C20 /* Debug */,
				F6898B9722D5EAF000577C20 /* Release */,
			);
			defaultConfigurationIsVisible = 0;
			defaultConfigurationName = Release;
		};
/* End XCConfigurationList section */
	};
	rootObject = F6898B5F22D5EAED00577C20 /* Project object */;
}
